
Microsoft Visual Studio Solution File, Format Version 12.00
# Visual Studio 15
VisualStudioVersion = 15.0.28010.2046
MinimumVisualStudioVersion = 10.0.40219.1
Project("{FAE04EC0-301F-11D3-BF4B-00C04F79EFBC}") = "COMP123-S2019-FINALTESTA", "COMP123-S2019-FINALTESTA\COMP123-S2019-FINALTESTA.csproj", "{4BDC624D-3792-4D42-8915-603079D50EB7}"
EndProject
Global
	GlobalSection(SolutionConfigurationPlatforms) = preSolution
		Debug|Any CPU = Debug|Any CPU
		Release|Any CPU = Release|Any CPU
	EndGlobalSection
	GlobalSection(ProjectConfigurationPlatforms) = postSolution
		{4BDC624D-3792-4D42-8915-603079D50EB7}.Debug|Any CPU.ActiveCfg = Debug|Any CPU
		{4BDC624D-3792-4D42-8915-603079D50EB7}.Debug|Any CPU.Build.0 = Debug|Any CPU
		{4BDC624D-3792-4D42-8915-603079D50EB7}.Release|Any CPU.ActiveCfg = Release|Any CPU
		{4BDC624D-3792-4D42-8915-603079D50EB7}.Release|Any CPU.Build.0 = Release|Any CPU
	EndGlobalSection
	GlobalSection(SolutionProperties) = preSolution
		HideSolutionNode = FALSE
	EndGlobalSection
	GlobalSection(ExtensibilityGlobals) = postSolution
		SolutionGuid = {F9ACCF7D-5784-447C-A3CC-C27679664AB6}
	EndGlobalSection
EndGlobal
